
Microsoft Visual Studio Solution File, Format Version 12.00
# Visual Studio Version 17
VisualStudioVersion = 17.3.32901.215
MinimumVisualStudioVersion = 10.0.40219.1
Project("{FAE04EC0-301F-11D3-BF4B-00C04F79EFBC}") = "SelfOrderManagementSystem", "SelfOrderManagementSystem.csproj", "{24205B8C-9B17-4B91-8846-A14D5E49B305}"
EndProject
Global
	GlobalSection(SolutionConfigurationPlatforms) = preSolution
		Debug|Any CPU = Debug|Any CPU
		Release|Any CPU = Release|Any CPU
	EndGlobalSection
	GlobalSection(ProjectConfigurationPlatforms) = postSolution
		{24205B8C-9B17-4B91-8846-A14D5E49B305}.Debug|Any CPU.ActiveCfg = Debug|Any CPU
		{24205B8C-9B17-4B91-8846-A14D5E49B305}.Debug|Any CPU.Build.0 = Debug|Any CPU
		{24205B8C-9B17-4B91-8846-A14D5E49B305}.Release|Any CPU.ActiveCfg = Release|Any CPU
		{24205B8C-9B17-4B91-8846-A14D5E49B305}.Release|Any CPU.Build.0 = Release|Any CPU
	EndGlobalSection
	GlobalSection(SolutionProperties) = preSolution
		HideSolutionNode = FALSE
	EndGlobalSection
	GlobalSection(ExtensibilityGlobals) = postSolution
		SolutionGuid = {2AAE31DE-D153-427D-9ACF-B58F3480ECE9}
	EndGlobalSection
EndGlobal
